// !$*UTF8*$!
{
	archiveVersion = 1;
	classes = {
	};
	objectVersion = 55;
	objects = {

/* Begin PBXBuildFile section */
		685CE5B508FF0F29FD734991 /* Pods_Contacts.framework in Frameworks */ = {isa = PBXBuildFile; fileRef = 8A16FAEED0193359D469D43A /* Pods_Contacts.framework */; };
		A22F075A281AE274005D0D10 /* EditContactViewController.swift in Sources */ = {isa = PBXBuildFile; fileRef = A22F0759281AE274005D0D10 /* EditContactViewController.swift */; };
		A2427938281AB7B9001E5A82 /* AppDelegate.swift in Sources */ = {isa = PBXBuildFile; fileRef = A2427937281AB7B9001E5A82 /* AppDelegate.swift */; };
		A242793A281AB7B9001E5A82 /* SceneDelegate.swift in Sources */ = {isa = PBXBuildFile; fileRef = A2427939281AB7B9001E5A82 /* SceneDelegate.swift */; };
		A242793C281AB7B9001E5A82 /* MainViewController.swift in Sources */ = {isa = PBXBuildFile; fileRef = A242793B281AB7B9001E5A82 /* MainViewController.swift */; };
		A242793F281AB7B9001E5A82 /* Main.storyboard in Resources */ = {isa = PBXBuildFile; fileRef = A242793D281AB7B9001E5A82 /* Main.storyboard */; };
		A2427941281AB7BC001E5A82 /* Assets.xcassets in Resources */ = {isa = PBXBuildFile; fileRef = A2427940281AB7BC001E5A82 /* Assets.xcassets */; };
		A2427944281AB7BC001E5A82 /* LaunchScreen.storyboard in Resources */ = {isa = PBXBuildFile; fileRef = A2427942281AB7BC001E5A82 /* LaunchScreen.storyboard */; };
		A242794F281AC42A001E5A82 /* Contact.swift in Sources */ = {isa = PBXBuildFile; fileRef = A242794E281AC42A001E5A82 /* Contact.swift */; };
		A2427951281AC544001E5A82 /* NewContactViewController.swift in Sources */ = {isa = PBXBuildFile; fileRef = A2427950281AC544001E5A82 /* NewContactViewController.swift */; };
		A2D94FA7281ADC13002CE885 /* ContactDb.swift in Sources */ = {isa = PBXBuildFile; fileRef = A2D94FA6281ADC13002CE885 /* ContactDb.swift */; };
/* End PBXBuildFile section */

/* Begin PBXFileReference section */
		0066EBD39297B1236A4A38E2 /* Pods-Contacts.release.xcconfig */ = {isa = PBXFileReference; includeInIndex = 1; lastKnownFileType = text.xcconfig; name = "Pods-Contacts.release.xcconfig"; path = "Target Support Files/Pods-Contacts/Pods-Contacts.release.xcconfig"; sourceTree = "<group>"; };
		8A16FAEED0193359D469D43A /* Pods_Contacts.framework */ = {isa = PBXFileReference; explicitFileType = wrapper.framework; includeInIndex = 0; path = Pods_Contacts.framework; sourceTree = BUILT_PRODUCTS_DIR; };
		A22F0759281AE274005D0D10 /* EditContactViewController.swift */ = {isa = PBXFileReference; lastKnownFileType = sourcecode.swift; path = EditContactViewController.swift; sourceTree = "<group>"; };
		A2427934281AB7B9001E5A82 /* Contacts.app */ = {isa = PBXFileReference; explicitFileType = wrapper.application; includeInIndex = 0; path = Contacts.app; sourceTree = BUILT_PRODUCTS_DIR; };
		A2427937281AB7B9001E5A82 /* AppDelegate.swift */ = {isa = PBXFileReference; lastKnownFileType = sourcecode.swift; path = AppDelegate.swift; sourceTree = "<group>"; };
		A2427939281AB7B9001E5A82 /* SceneDelegate.swift */ = {isa = PBXFileReference; lastKnownFileType = sourcecode.swift; path = SceneDelegate.swift; sourceTree = "<group>"; };
		A242793B281AB7B9001E5A82 /* MainViewController.swift */ = {isa = PBXFileReference; lastKnownFileType = sourcecode.swift; path = MainViewController.swift; sourceTree = "<group>"; };
		A242793E281AB7B9001E5A82 /* Base */ = {isa = PBXFileReference; lastKnownFileType = file.storyboard; name = Base; path = Base.lproj/Main.storyboard; sourceTree = "<group>"; };
		A2427940281AB7BC001E5A82 /* Assets.xcassets */ = {isa = PBXFileReference; lastKnownFileType = folder.assetcatalog; path = Assets.xcassets; sourceTree = "<group>"; };
		A2427943281AB7BC001E5A82 /* Base */ = {isa = PBXFileReference; lastKnownFileType = file.storyboard; name = Base; path = Base.lproj/LaunchScreen.storyboard; sourceTree = "<group>"; };
		A2427945281AB7BC001E5A82 /* Info.plist */ = {isa = PBXFileReference; lastKnownFileType = text.plist.xml; path = Info.plist; sourceTree = "<group>"; };
		A242794E281AC42A001E5A82 /* Contact.swift */ = {isa = PBXFileReference; lastKnownFileType = sourcecode.swift; path = Contact.swift; sourceTree = "<group>"; };
		A2427950281AC544001E5A82 /* NewContactViewController.swift */ = {isa = PBXFileReference; lastKnownFileType = sourcecode.swift; path = NewContactViewController.swift; sourceTree = "<group>"; };
		A2D94FA6281ADC13002CE885 /* ContactDb.swift */ = {isa = PBXFileReference; lastKnownFileType = sourcecode.swift; path = ContactDb.swift; sourceTree = "<group>"; };
		E7084481FDC16325F8DAE3C7 /* Pods-Contacts.debug.xcconfig */ = {isa = PBXFileReference; includeInIndex = 1; lastKnownFileType = text.xcconfig; name = "Pods-Contacts.debug.xcconfig"; path = "Target Support Files/Pods-Contacts/Pods-Contacts.debug.xcconfig"; sourceTree = "<group>"; };
/* End PBXFileReference section */

/* Begin PBXFrameworksBuildPhase section */
		A2427931281AB7B9001E5A82 /* Frameworks */ = {
			isa = PBXFrameworksBuildPhase;
			buildActionMask = 2147483647;
			files = (
				685CE5B508FF0F29FD734991 /* Pods_Contacts.framework in Frameworks */,
			);
			runOnlyForDeploymentPostprocessing = 0;
		};
/* End PBXFrameworksBuildPhase section */

/* Begin PBXGroup section */
		14E2CD19CC96B472D2D1EEDA /* Pods */ = {
			isa = PBXGroup;
			children = (
				E7084481FDC16325F8DAE3C7 /* Pods-Contacts.debug.xcconfig */,
				0066EBD39297B1236A4A38E2 /* Pods-Contacts.release.xcconfig */,
			);
			path = Pods;
			sourceTree = "<group>";
		};
		A242792B281AB7B9001E5A82 = {
			isa = PBXGroup;
			children = (
				A2427936281AB7B9001E5A82 /* Contacts */,
				A2427935281AB7B9001E5A82 /* Products */,
				14E2CD19CC96B472D2D1EEDA /* Pods */,
				A2BCABEF439A398BB2AC1E08 /* Frameworks */,
			);
			sourceTree = "<group>";
		};
		A2427935281AB7B9001E5A82 /* Products */ = {
			isa = PBXGroup;
			children = (
				A2427934281AB7B9001E5A82 /* Contacts.app */,
			);
			name = Products;
			sourceTree = "<group>";
		};
		A2427936281AB7B9001E5A82 /* Contacts */ = {
			isa = PBXGroup;
			children = (
				A242794D281AC0A6001E5A82 /* Views */,
				A242794C281AC098001E5A82 /* Models */,
				A242794B281AC08E001E5A82 /* Controllers */,
				A2427937281AB7B9001E5A82 /* AppDelegate.swift */,
				A2427939281AB7B9001E5A82 /* SceneDelegate.swift */,
				A2427940281AB7BC001E5A82 /* Assets.xcassets */,
				A2427942281AB7BC001E5A82 /* LaunchScreen.storyboard */,
				A2427945281AB7BC001E5A82 /* Info.plist */,
			);
			path = Contacts;
			sourceTree = "<group>";
		};
		A242794B281AC08E001E5A82 /* Controllers */ = {
			isa = PBXGroup;
			children = (
				A242793B281AB7B9001E5A82 /* MainViewController.swift */,
				A2427950281AC544001E5A82 /* NewContactViewController.swift */,
				A22F0759281AE274005D0D10 /* EditContactViewController.swift */,
			);
			path = Controllers;
			sourceTree = "<group>";
		};
		A242794C281AC098001E5A82 /* Models */ = {
			isa = PBXGroup;
			children = (
				A242794E281AC42A001E5A82 /* Contact.swift */,
				A2D94FA6281ADC13002CE885 /* ContactDb.swift */,
			);
			path = Models;
			sourceTree = "<group>";
		};
		A242794D281AC0A6001E5A82 /* Views */ = {
			isa = PBXGroup;
			children = (
				A242793D281AB7B9001E5A82 /* Main.storyboard */,
			);
			path = Views;
			sourceTree = "<group>";
		};
		A2BCABEF439A398BB2AC1E08 /* Frameworks */ = {
			isa = PBXGroup;
			children = (
				8A16FAEED0193359D469D43A /* Pods_Contacts.framework */,
			);
			name = Frameworks;
			sourceTree = "<group>";
		};
/* End PBXGroup section */

/* Begin PBXNativeTarget section */
		A2427933281AB7B9001E5A82 /* Contacts */ = {
			isa = PBXNativeTarget;
			buildConfigurationList = A2427948281AB7BC001E5A82 /* Build configuration list for PBXNativeTarget "Contacts" */;
			buildPhases = (
				2A0B99A7172CE200316431AB /* [CP] Check Pods Manifest.lock */,
				A2427930281AB7B9001E5A82 /* Sources */,
				A2427931281AB7B9001E5A82 /* Frameworks */,
				A2427932281AB7B9001E5A82 /* Resources */,
				B2896FE5307E708F6A875F3E /* [CP] Embed Pods Frameworks */,
			);
			buildRules = (
			);
			dependencies = (
			);
			name = Contacts;
			productName = Contacts;
			productReference = A2427934281AB7B9001E5A82 /* Contacts.app */;
			productType = "com.apple.product-type.application";
		};
/* End PBXNativeTarget section */

/* Begin PBXProject section */
		A242792C281AB7B9001E5A82 /* Project object */ = {
			isa = PBXProject;
			attributes = {
				BuildIndependentTargetsInParallel = 1;
				LastSwiftUpdateCheck = 1330;
				LastUpgradeCheck = 1330;
				TargetAttributes = {
					A2427933281AB7B9001E5A82 = {
						CreatedOnToolsVersion = 13.3.1;
					};
				};
			};
			buildConfigurationList = A242792F281AB7B9001E5A82 /* Build configuration list for PBXProject "Contacts" */;
			compatibilityVersion = "Xcode 13.0";
			developmentRegion = en;
			hasScannedForEncodings = 0;
			knownRegions = (
				en,
				Base,
			);
			mainGroup = A242792B281AB7B9001E5A82;
			productRefGroup = A2427935281AB7B9001E5A82 /* Products */;
			projectDirPath = "";
			projectRoot = "";
			targets = (
				A2427933281AB7B9001E5A82 /* Contacts */,
			);
		};
/* End PBXProject section */

/* Begin PBXResourcesBuildPhase section */
		A2427932281AB7B9001E5A82 /* Resources */ = {
			isa = PBXResourcesBuildPhase;
			buildActionMask = 2147483647;
			files = (
				A2427944281AB7BC001E5A82 /* LaunchScreen.storyboard in Resources */,
				A2427941281AB7BC001E5A82 /* Assets.xcassets in Resources */,
				A242793F281AB7B9001E5A82 /* Main.storyboard in Resources */,
			);
			runOnlyForDeploymentPostprocessing = 0;
		};
/* End PBXResourcesBuildPhase section */

/* Begin PBXShellScriptBuildPhase section */
		2A0B99A7172CE200316431AB /* [CP] Check Pods Manifest.lock */ = {
			isa = PBXShellScriptBuildPhase;
			buildActionMask = 2147483647;
			files = (
			);
			inputFileListPaths = (
			);
			inputPaths = (
				"${PODS_PODFILE_DIR_PATH}/Podfile.lock",
				"${PODS_ROOT}/Manifest.lock",
			);
			name = "[CP] Check Pods Manifest.lock";
			outputFileListPaths = (
			);
			outputPaths = (
				"$(DERIVED_FILE_DIR)/Pods-Contacts-checkManifestLockResult.txt",
			);
			runOnlyForDeploymentPostprocessing = 0;
			shellPath = /bin/sh;
			shellScript = "diff \"${PODS_PODFILE_DIR_PATH}/Podfile.lock\" \"${PODS_ROOT}/Manifest.lock\" > /dev/null\nif [ $? != 0 ] ; then\n    # print error to STDERR\n    echo \"error: The sandbox is not in sync with the Podfile.lock. Run 'pod install' or update your CocoaPods installation.\" >&2\n    exit 1\nfi\n# This output is used by Xcode 'outputs' to avoid re-running this script phase.\necho \"SUCCESS\" > \"${SCRIPT_OUTPUT_FILE_0}\"\n";
			showEnvVarsInLog = 0;
		};
		B2896FE5307E708F6A875F3E /* [CP] Embed Pods Frameworks */ = {
			isa = PBXShellScriptBuildPhase;
			buildActionMask = 2147483647;
			files = (
			);
			inputFileListPaths = (
				"${PODS_ROOT}/Target Support Files/Pods-Contacts/Pods-Contacts-frameworks-${CONFIGURATION}-input-files.xcfilelist",
			);
			name = "[CP] Embed Pods Frameworks";
			outputFileListPaths = (
				"${PODS_ROOT}/Target Support Files/Pods-Contacts/Pods-Contacts-frameworks-${CONFIGURATION}-output-files.xcfilelist",
			);
			runOnlyForDeploymentPostprocessing = 0;
			shellPath = /bin/sh;
			shellScript = "\"${PODS_ROOT}/Target Support Files/Pods-Contacts/Pods-Contacts-frameworks.sh\"\n";
			showEnvVarsInLog = 0;
		};
/* End PBXShellScriptBuildPhase section */

/* Begin PBXSourcesBuildPhase section */
		A2427930281AB7B9001E5A82 /* Sources */ = {
			isa = PBXSourcesBuildPhase;
			buildActionMask = 2147483647;
			files = (
				A242794F281AC42A001E5A82 /* Contact.swift in Sources */,
				A2427951281AC544001E5A82 /* NewContactViewController.swift in Sources */,
				A22F075A281AE274005D0D10 /* EditContactViewController.swift in Sources */,
				A242793C281AB7B9001E5A82 /* MainViewController.swift in Sources */,
				A2427938281AB7B9001E5A82 /* AppDelegate.swift in Sources */,
				A242793A281AB7B9001E5A82 /* SceneDelegate.swift in Sources */,
				A2D94FA7281ADC13002CE885 /* ContactDb.swift in Sources */,
			);
			runOnlyForDeploymentPostprocessing = 0;
		};
/* End PBXSourcesBuildPhase section */

/* Begin PBXVariantGroup section */
		A242793D281AB7B9001E5A82 /* Main.storyboard */ = {
			isa = PBXVariantGroup;
			children = (
				A242793E281AB7B9001E5A82 /* Base */,
			);
			name = Main.storyboard;
			sourceTree = "<group>";
		};
		A2427942281AB7BC001E5A82 /* LaunchScreen.storyboard */ = {
			isa = PBXVariantGroup;
			children = (
				A2427943281AB7BC001E5A82 /* Base */,
			);
			name = LaunchScreen.storyboard;
			sourceTree = "<group>";
		};
/* End PBXVariantGroup section */

/* Begin XCBuildConfiguration section */
		A2427946281AB7BC001E5A82 /* Debug */ = {
			isa = XCBuildConfiguration;
			buildSettings = {
				ALWAYS_SEARCH_USER_PATHS = NO;
				CLANG_ANALYZER_NONNULL = YES;
				CLANG_ANALYZER_NUMBER_OBJECT_CONVERSION = YES_AGGRESSIVE;
				CLANG_CXX_LANGUAGE_STANDARD = "gnu++17";
				CLANG_ENABLE_MODULES = YES;
				CLANG_ENABLE_OBJC_ARC = YES;
				CLANG_ENABLE_OBJC_WEAK = YES;
				CLANG_WARN_BLOCK_CAPTURE_AUTORELEASING = YES;
				CLANG_WARN_BOOL_CONVERSION = YES;
				CLANG_WARN_COMMA = YES;
				CLANG_WARN_CONSTANT_CONVERSION = YES;
				CLANG_WARN_DEPRECATED_OBJC_IMPLEMENTATIONS = YES;
				CLANG_WARN_DIRECT_OBJC_ISA_USAGE = YES_ERROR;
				CLANG_WARN_DOCUMENTATION_COMMENTS = YES;
				CLANG_WARN_EMPTY_BODY = YES;
				CLANG_WARN_ENUM_CONVERSION = YES;
				CLANG_WARN_INFINITE_RECURSION = YES;
				CLANG_WARN_INT_CONVERSION = YES;
				CLANG_WARN_NON_LITERAL_NULL_CONVERSION = YES;
				CLANG_WARN_OBJC_IMPLICIT_RETAIN_SELF = YES;
				CLANG_WARN_OBJC_LITERAL_CONVERSION = YES;
				CLANG_WARN_OBJC_ROOT_CLASS = YES_ERROR;
				CLANG_WARN_QUOTED_INCLUDE_IN_FRAMEWORK_HEADER = YES;
				CLANG_WARN_RANGE_LOOP_ANALYSIS = YES;
				CLANG_WARN_STRICT_PROTOTYPES = YES;
				CLANG_WARN_SUSPICIOUS_MOVE = YES;
				CLANG_WARN_UNGUARDED_AVAILABILITY = YES_AGGRESSIVE;
				CLANG_WARN_UNREACHABLE_CODE = YES;
				CLANG_WARN__DUPLICATE_METHOD_MATCH = YES;
				COPY_PHASE_STRIP = NO;
				DEBUG_INFORMATION_FORMAT = dwarf;
				ENABLE_STRICT_OBJC_MSGSEND = YES;
				ENABLE_TESTABILITY = YES;
				GCC_C_LANGUAGE_STANDARD = gnu11;
				GCC_DYNAMIC_NO_PIC = NO;
				GCC_NO_COMMON_BLOCKS = YES;
				GCC_OPTIMIZATION_LEVEL = 0;
				GCC_PREPROCESSOR_DEFINITIONS = (
					"DEBUG=1",
					"$(inherited)",
				);
				GCC_WARN_64_TO_32_BIT_CONVERSION = YES;
				GCC_WARN_ABOUT_RETURN_TYPE = YES_ERROR;
				GCC_WARN_UNDECLARED_SELECTOR = YES;
				GCC_WARN_UNINITIALIZED_AUTOS = YES_AGGRESSIVE;
				GCC_WARN_UNUSED_FUNCTION = YES;
				GCC_WARN_UNUSED_VARIABLE = YES;
				IPHONEOS_DEPLOYMENT_TARGET = 15.4;
				MTL_ENABLE_DEBUG_INFO = INCLUDE_SOURCE;
				MTL_FAST_MATH = YES;
				ONLY_ACTIVE_ARCH = YES;
				SDKROOT = iphoneos;
				SWIFT_ACTIVE_COMPILATION_CONDITIONS = DEBUG;
				SWIFT_OPTIMIZATION_LEVEL = "-Onone";
			};
			name = Debug;
		};
		A2427947281AB7BC001E5A82 /* Release */ = {
			isa = XCBuildConfiguration;
			buildSettings = {
				ALWAYS_SEARCH_USER_PATHS = NO;
				CLANG_ANALYZER_NONNULL = YES;
				CLANG_ANALYZER_NUMBER_OBJECT_CONVERSION = YES_AGGRESSIVE;
				CLANG_CXX_LANGUAGE_STANDARD = "gnu++17";
				CLANG_ENABLE_MODULES = YES;
				CLANG_ENABLE_OBJC_ARC = YES;
				CLANG_ENABLE_OBJC_WEAK = YES;
				CLANG_WARN_BLOCK_CAPTURE_AUTORELEASING = YES;
				CLANG_WARN_BOOL_CONVERSION = YES;
				CLANG_WARN_COMMA = YES;
				CLANG_WARN_CONSTANT_CONVERSION = YES;
				CLANG_WARN_DEPRECATED_OBJC_IMPLEMENTATIONS = YES;
				CLANG_WARN_DIRECT_OBJC_ISA_USAGE = YES_ERROR;
				CLANG_WARN_DOCUMENTATION_COMMENTS = YES;
				CLANG_WARN_EMPTY_BODY = YES;
				CLANG_WARN_ENUM_CONVERSION = YES;
				CLANG_WARN_INFINITE_RECURSION = YES;
				CLANG_WARN_INT_CONVERSION = YES;
				CLANG_WARN_NON_LITERAL_NULL_CONVERSION = YES;
				CLANG_WARN_OBJC_IMPLICIT_RETAIN_SELF = YES;
				CLANG_WARN_OBJC_LITERAL_CONVERSION = YES;
				CLANG_WARN_OBJC_ROOT_CLASS = YES_ERROR;
				CLANG_WARN_QUOTED_INCLUDE_IN_FRAMEWORK_HEADER = YES;
				CLANG_WARN_RANGE_LOOP_ANALYSIS = YES;
				CLANG_WARN_STRICT_PROTOTYPES = YES;
				CLANG_WARN_SUSPICIOUS_MOVE = YES;
				CLANG_WARN_UNGUARDED_AVAILABILITY = YES_AGGRESSIVE;
				CLANG_WARN_UNREACHABLE_CODE = YES;
				CLANG_WARN__DUPLICATE_METHOD_MATCH = YES;
				COPY_PHASE_STRIP = NO;
				DEBUG_INFORMATION_FORMAT = "dwarf-with-dsym";
				ENABLE_NS_ASSERTIONS = NO;
				ENABLE_STRICT_OBJC_MSGSEND = YES;
				GCC_C_LANGUAGE_STANDARD = gnu11;
				GCC_NO_COMMON_BLOCKS = YES;
				GCC_WARN_64_TO_32_BIT_CONVERSION = YES;
				GCC_WARN_ABOUT_RETURN_TYPE = YES_ERROR;
				GCC_WARN_UNDECLARED_SELECTOR = YES;
				GCC_WARN_UNINITIALIZED_AUTOS = YES_AGGRESSIVE;
				GCC_WARN_UNUSED_FUNCTION = YES;
				GCC_WARN_UNUSED_VARIABLE = YES;
				IPHONEOS_DEPLOYMENT_TARGET = 15.4;
				MTL_ENABLE_DEBUG_INFO = NO;
				MTL_FAST_MATH = YES;
				SDKROOT = iphoneos;
				SWIFT_COMPILATION_MODE = wholemodule;
				SWIFT_OPTIMIZATION_LEVEL = "-O";
				VALIDATE_PRODUCT = YES;
			};
			name = Release;
		};
		A2427949281AB7BC001E5A82 /* Debug */ = {
			isa = XCBuildConfiguration;
			baseConfigurationReference = E7084481FDC16325F8DAE3C7 /* Pods-Contacts.debug.xcconfig */;
			buildSettings = {
				ASSETCATALOG_COMPILER_APPICON_NAME = AppIcon;
				ASSETCATALOG_COMPILER_GLOBAL_ACCENT_COLOR_NAME = AccentColor;
				CODE_SIGN_STYLE = Automatic;
				CURRENT_PROJECT_VERSION = 1;
				DEVELOPMENT_TEAM = 8MVLWMPNDD;
				GENERATE_INFOPLIST_FILE = YES;
				INFOPLIST_FILE = Contacts/Info.plist;
				INFOPLIST_KEY_UIApplicationSupportsIndirectInputEvents = YES;
				INFOPLIST_KEY_UILaunchStoryboardName = LaunchScreen;
				INFOPLIST_KEY_UIMainStoryboardFile = Main;
				INFOPLIST_KEY_UISupportedInterfaceOrientations_iPad = "UIInterfaceOrientationPortrait UIInterfaceOrientationPortraitUpsideDown UIInterfaceOrientationLandscapeLeft UIInterfaceOrientationLandscapeRight";
				INFOPLIST_KEY_UISupportedInterfaceOrientations_iPhone = "UIInterfaceOrientationPortrait UIInterfaceOrientationLandscapeLeft UIInterfaceOrientationLandscapeRight";
				LD_RUNPATH_SEARCH_PATHS = (
					"$(inherited)",
					"@executable_path/Frameworks",
				);
				MARKETING_VERSION = 1.0;
				PRODUCT_BUNDLE_IDENTIFIER = uni.Contacts;
				PRODUCT_NAME = "$(TARGET_NAME)";
				SWIFT_EMIT_LOC_STRINGS = YES;
				SWIFT_VERSION = 5.0;
				TARGETED_DEVICE_FAMILY = "1,2";
			};
			name = Debug;
		};
		A242794A281AB7BC001E5A82 /* Release */ = {
			isa = XCBuildConfiguration;
			baseConfigurationReference = 0066EBD39297B1236A4A38E2 /* Pods-Contacts.release.xcconfig */;
			buildSettings = {
				ASSETCATALOG_COMPILER_APPICON_NAME = AppIcon;
				ASSETCATALOG_COMPILER_GLOBAL_ACCENT_COLOR_NAME = AccentColor;
				CODE_SIGN_STYLE = Automatic;
				CURRENT_PROJECT_VERSION = 1;
				DEVELOPMENT_TEAM = 8MVLWMPNDD;
				GENERATE_INFOPLIST_FILE = YES;
				INFOPLIST_FILE = Contacts/Info.plist;
				INFOPLIST_KEY_UIApplicationSupportsIndirectInputEvents = YES;
				INFOPLIST_KEY_UILaunchStoryboardName = LaunchScreen;
				INFOPLIST_KEY_UIMainStoryboardFile = Main;
				INFOPLIST_KEY_UISupportedInterfaceOrientations_iPad = "UIInterfaceOrientationPortrait UIInterfaceOrientationPortraitUpsideDown UIInterfaceOrientationLandscapeLeft UIInterfaceOrientationLandscapeRight";
				INFOPLIST_KEY_UISupportedInterfaceOrientations_iPhone = "UIInterfaceOrientationPortrait UIInterfaceOrientationLandscapeLeft UIInterfaceOrientationLandscapeRight";
				LD_RUNPATH_SEARCH_PATHS = (
					"$(inherited)",
					"@executable_path/Frameworks",
				);
				MARKETING_VERSION = 1.0;
				PRODUCT_BUNDLE_IDENTIFIER = uni.Contacts;
				PRODUCT_NAME = "$(TARGET_NAME)";
				SWIFT_EMIT_LOC_STRINGS = YES;
				SWIFT_VERSION = 5.0;
				TARGETED_DEVICE_FAMILY = "1,2";
			};
			name = Release;
		};
/* End XCBuildConfiguration section */

/* Begin XCConfigurationList section */
		A242792F281AB7B9001E5A82 /* Build configuration list for PBXProject "Contacts" */ = {
			isa = XCConfigurationList;
			buildConfigurations = (
				A2427946281AB7BC001E5A82 /* Debug */,
				A2427947281AB7BC001E5A82 /* Release */,
			);
			defaultConfigurationIsVisible = 0;
			defaultConfigurationName = Release;
		};
		A2427948281AB7BC001E5A82 /* Build configuration list for PBXNativeTarget "Contacts" */ = {
			isa = XCConfigurationList;
			buildConfigurations = (
				A2427949281AB7BC001E5A82 /* Debug */,
				A242794A281AB7BC001E5A82 /* Release */,
			);
			defaultConfigurationIsVisible = 0;
			defaultConfigurationName = Release;
		};
/* End XCConfigurationList section */
	};
	rootObject = A242792C281AB7B9001E5A82 /* Project object */;
}
